{
	"requires": true,
	"lockfileVersion": 1,
	"dependencies": {
		"abstract-logging": {
			"version": "1.0.0",
			"resolved": "https://registry.npmjs.org/abstract-logging/-/abstract-logging-1.0.0.tgz",
			"integrity": "sha1-i33q/TEFWbwo93ck3RuzAXcnjBs="
		},
		"ajv": {
			"version": "6.10.2",
			"resolved": "https://registry.npmjs.org/ajv/-/ajv-6.10.2.tgz",
			"integrity": "sha512-TXtUUEYHuaTEbLZWIKUr5pmBuhDLy+8KYtPYdcV8qC+pOZL+NKqYwvWSRrVXHn+ZmRRAu8vJTAznH7Oag6RVRw==",
			"requires": {
				"fast-deep-equal": "^2.0.1",
				"fast-json-stable-stringify": "^2.0.0",
				"json-schema-traverse": "^0.4.1",
				"uri-js": "^4.2.2"
			}
		},
		"archy": {
			"version": "1.0.0",
			"resolved": "https://registry.npmjs.org/archy/-/archy-1.0.0.tgz",
			"integrity": "sha1-+cjBN1fMHde8N5rHeyxipcKGjEA="
		},
		"avvio": {
			"version": "6.2.2",
			"resolved": "https://registry.npmjs.org/avvio/-/avvio-6.2.2.tgz",
			"integrity": "sha512-7+yznbJOMoHQ8Z8VH+1meyRjtxUW8za6gqnHBl8DqlX5qPtaclNIgWrKrTLuIbfn2+1/EGkcr+rQXI8DYVU4RA==",
			"requires": {
				"archy": "^1.0.0",
				"debug": "^4.0.0",
				"fastq": "^1.6.0"
			}
		},
		"debug": {
			"version": "4.1.1",
			"resolved": "https://registry.npmjs.org/debug/-/debug-4.1.1.tgz",
			"integrity": "sha512-pYAIzeRo8J6KPEaJ0VWOh5Pzkbw/RetuzehGM7QRRX5he4fPHx2rdKMB256ehJCkX+XRQm16eZLqLNS8RSZXZw==",
			"requires": {
				"ms": "^2.1.1"
			}
		},
		"deepmerge": {
			"version": "4.0.0",
			"resolved": "https://registry.npmjs.org/deepmerge/-/deepmerge-4.0.0.tgz",
			"integrity": "sha512-YZ1rOP5+kHor4hMAH+HRQnBQHg+wvS1un1hAOuIcxcBy0hzcUf6Jg2a1w65kpoOUnurOfZbERwjI1TfZxNjcww=="
		},
		"fast-decode-uri-component": {
			"version": "1.0.1",
			"resolved": "https://registry.npmjs.org/fast-decode-uri-component/-/fast-decode-uri-component-1.0.1.tgz",
			"integrity": "sha512-WKgKWg5eUxvRZGwW8FvfbaH7AXSh2cL+3j5fMGzUMCxWBJ3dV3a7Wz8y2f/uQ0e3B6WmodD3oS54jTQ9HVTIIg=="
		},
		"fast-deep-equal": {
			"version": "2.0.1",
			"resolved": "https://registry.npmjs.org/fast-deep-equal/-/fast-deep-equal-2.0.1.tgz",
			"integrity": "sha1-ewUhjd+WZ79/Nwv3/bLLFf3Qqkk="
		},
		"fast-json-stable-stringify": {
			"version": "2.0.0",
			"resolved": "https://registry.npmjs.org/fast-json-stable-stringify/-/fast-json-stable-stringify-2.0.0.tgz",
			"integrity": "sha1-1RQsDK7msRifh9OnYREGT4bIu/I="
		},
		"fast-json-stringify": {
			"version": "1.15.4",
			"resolved": "https://registry.npmjs.org/fast-json-stringify/-/fast-json-stringify-1.15.4.tgz",
			"integrity": "sha512-lsGTxL0OIGjGSUXgWUOdSgjCL/xMyMvMudfGN3D1zOLEv44fYZ1ZXmMyCON5XdpaiZN6nCXmU7GQg7fbXfPG4g==",
			"requires": {
				"ajv": "^6.8.1",
				"deepmerge": "^4.0.0"
			}
		},
		"fast-redact": {
			"version": "1.5.0",
			"resolved": "https://registry.npmjs.org/fast-redact/-/fast-redact-1.5.0.tgz",
			"integrity": "sha512-Afo61CgUjkzdvOKDHn08qnZ0kwck38AOGcMlvSGzvJbIab6soAP5rdoQayecGCDsD69AiF9vJBXyq31eoEO2tQ=="
		},
		"fast-safe-stringify": {
			"version": "2.0.7",
			"resolved": "https://registry.npmjs.org/fast-safe-stringify/-/fast-safe-stringify-2.0.7.tgz",
			"integrity": "sha512-Utm6CdzT+6xsDk2m8S6uL8VHxNwI6Jub+e9NYTcAms28T84pTa25GJQV9j0CY0N1rM8hK4x6grpF2BQf+2qwVA=="
		},
		"fastify": {
			"version": "2.8.0",
			"resolved": "https://registry.npmjs.org/fastify/-/fastify-2.8.0.tgz",
			"integrity": "sha512-+HXe9xZzbj79680hlehEs0B1Z3e5RQT6CtPthseqgRJy2i7Wlro8EEdM7u7ewwL9XREjLWssCPlJiZ3G+t4qsw==",
			"requires": {
				"abstract-logging": "^1.0.0",
				"ajv": "^6.10.2",
				"avvio": "^6.2.2",
				"fast-json-stringify": "^1.15.4",
				"find-my-way": "^2.0.0",
				"flatstr": "^1.0.12",
				"light-my-request": "^3.4.1",
				"middie": "^4.0.1",
				"pino": "^5.13.2",
				"proxy-addr": "^2.0.4",
				"readable-stream": "^3.1.1",
				"rfdc": "^1.1.2",
				"secure-json-parse": "^1.0.0",
				"tiny-lru": "^6.0.1"
			}
		},
		"fastify-plugin": {
			"version": "1.6.0",
			"resolved": "https://registry.npmjs.org/fastify-plugin/-/fastify-plugin-1.6.0.tgz",
			"integrity": "sha512-lFa9txg8LZx4tljj33oG53nUXhVg0baZxtP9Pxi0dJmI0NQxzkDk5DS9kr3D7iMalUAp3mvIq16OQumc7eIvLA==",
			"requires": {
				"semver": "^6.0.0"
			}
		},
		"fastify-url-data": {
			"version": "2.3.0",
			"resolved": "https://registry.npmjs.org/fastify-url-data/-/fastify-url-data-2.3.0.tgz",
			"integrity": "sha512-BxyI56ljz3m+AbsGseuIppXaxSW5S1NQYYye1HmWZoYl152xxK7lcJ1U7aCuOpWq+SjLB4cd07tgjOUROGE2gw==",
			"requires": {
				"fastify-plugin": "^1.0.1",
				"uri-js": "^4.2.1"
			}
		},
		"fastq": {
			"version": "1.6.0",
			"resolved": "https://registry.npmjs.org/fastq/-/fastq-1.6.0.tgz",
			"integrity": "sha512-jmxqQ3Z/nXoeyDmWAzF9kH1aGZSis6e/SbfPmJpUnyZ0ogr6iscHQaml4wsEepEWSdtmpy+eVXmCRIMpxaXqOA==",
			"requires": {
				"reusify": "^1.0.0"
			}
		},
		"find-my-way": {
			"version": "2.1.1",
			"resolved": "https://registry.npmjs.org/find-my-way/-/find-my-way-2.1.1.tgz",
			"integrity": "sha512-yznKDx1xELFkTrV2Ke9x3IOr9zn5isdFA2Af/NKjU8kmQQhtn3TmqrVZ6OiLO5pj1dAScxe4dAo92ieG4nGcoA==",
			"requires": {
				"fast-decode-uri-component": "^1.0.0",
				"safe-regex2": "^2.0.0",
				"semver-store": "^0.3.0"
			}
		},
		"flatstr": {
			"version": "1.0.12",
			"resolved": "https://registry.npmjs.org/flatstr/-/flatstr-1.0.12.tgz",
			"integrity": "sha512-4zPxDyhCyiN2wIAtSLI6gc82/EjqZc1onI4Mz/l0pWrAlsSfYH/2ZIcU+e3oA2wDwbzIWNKwa23F8rh6+DRWkw=="
		},
		"forwarded": {
			"version": "0.1.2",
			"resolved": "https://registry.npmjs.org/forwarded/-/forwarded-0.1.2.tgz",
			"integrity": "sha1-mMI9qxF1ZXuMBXPozszZGw/xjIQ="
		},
		"inherits": {
			"version": "2.0.4",
			"resolved": "https://registry.npmjs.org/inherits/-/inherits-2.0.4.tgz",
			"integrity": "sha512-k/vGaX4/Yla3WzyMCvTQOXYeIHvqOKtnqBduzTHpzpQZzAskKMhZ2K+EnBiSM9zGSoIFeMpXKxa4dYeZIQqewQ=="
		},
		"ipaddr.js": {
			"version": "1.9.0",
			"resolved": "https://registry.npmjs.org/ipaddr.js/-/ipaddr.js-1.9.0.tgz",
			"integrity": "sha512-M4Sjn6N/+O6/IXSJseKqHoFc+5FdGJ22sXqnjTpdZweHK64MzEPAyQZyEU3R/KRv2GLoa7nNtg/C2Ev6m7z+eA=="
		},
		"json-schema-traverse": {
			"version": "0.4.1",
			"resolved": "https://registry.npmjs.org/json-schema-traverse/-/json-schema-traverse-0.4.1.tgz",
			"integrity": "sha512-xbbCH5dCYU5T8LcEhhuh7HJ88HXuW3qsI3Y0zOZFKfZEHcpWiHU/Jxzk629Brsab/mMiHQti9wMP+845RPe3Vg=="
		},
		"light-my-request": {
			"version": "3.4.1",
			"resolved": "https://registry.npmjs.org/light-my-request/-/light-my-request-3.4.1.tgz",
			"integrity": "sha512-E1zMvRWjqsaCS60dTkD7c//xKV1KOFD2zo92Ru3o3e95lCfQSDCC9aS8MZm1V+zXaA/SeKDwK9gvrfaCseTusg==",
			"requires": {
				"ajv": "^6.8.1",
				"readable-stream": "^3.1.1"
			}
		},
		"middie": {
			"version": "4.0.1",
			"resolved": "https://registry.npmjs.org/middie/-/middie-4.0.1.tgz",
			"integrity": "sha512-eYK6EEHZiYpQMYPmeCb/vC9ZzJg1HCqi1ot/fQs1sPZKt/XREgXouQ7g6c9J5XvDV5203JjbpovCYNkHcHgTpQ==",
			"requires": {
				"path-to-regexp": "^3.0.0",
				"reusify": "^1.0.2"
			}
		},
		"ms": {
			"version": "2.1.2",
			"resolved": "https://registry.npmjs.org/ms/-/ms-2.1.2.tgz",
			"integrity": "sha512-sGkPx+VjMtmA6MX27oA4FBFELFCZZ4S4XqeGOXCv68tT+jb3vk/RyaKWP0PTKyWtmLSM0b+adUTEvbs1PEaH2w=="
		},
		"node-fetch": {
			"version": "2.6.0",
			"resolved": "https://registry.npmjs.org/node-fetch/-/node-fetch-2.6.0.tgz",
			"integrity": "sha512-8dG4H5ujfvFiqDmVu9fQ5bOHUC15JMjMY/Zumv26oOvvVJjM67KF8koCWIabKQ1GJIa9r2mMZscBq/TbdOcmNA=="
		},
		"path-to-regexp": {
			"version": "3.1.0",
			"resolved": "https://registry.npmjs.org/path-to-regexp/-/path-to-regexp-3.1.0.tgz",
			"integrity": "sha512-PtHLisEvUOepjc+sStXxJ/pDV/s5UBTOKWJY2SOz3e6E/iN/jLknY9WL72kTwRrwXDUbZTEAtSnJbz2fF127DA=="
		},
		"pino": {
			"version": "5.13.3",
			"resolved": "https://registry.npmjs.org/pino/-/pino-5.13.3.tgz",
			"integrity": "sha512-FL12DKlPwBlbhztlUz6kseR03PRR8nD+wvLdN/Sji9UiBYYfSjX+k8ocU7/NwW55JdFRONTn3iACoelXnMFVVQ==",
			"requires": {
				"fast-redact": "^1.4.4",
				"fast-safe-stringify": "^2.0.7",
				"flatstr": "^1.0.9",
				"pino-std-serializers": "^2.3.0",
				"quick-format-unescaped": "^3.0.2",
				"sonic-boom": "^0.7.5"
			}
		},
		"pino-std-serializers": {
			"version": "2.4.2",
			"resolved": "https://registry.npmjs.org/pino-std-serializers/-/pino-std-serializers-2.4.2.tgz",
			"integrity": "sha512-WaL504dO8eGs+vrK+j4BuQQq6GLKeCCcHaMB2ItygzVURcL1CycwNEUHTD/lHFHs/NL5qAz2UKrjYWXKSf4aMQ=="
		},
		"proxy-addr": {
			"version": "2.0.5",
			"resolved": "https://registry.npmjs.org/proxy-addr/-/proxy-addr-2.0.5.tgz",
			"integrity": "sha512-t/7RxHXPH6cJtP0pRG6smSr9QJidhB+3kXu0KgXnbGYMgzEnUxRQ4/LDdfOwZEMyIh3/xHb8PX3t+lfL9z+YVQ==",
			"requires": {
				"forwarded": "~0.1.2",
				"ipaddr.js": "1.9.0"
			}
		},
		"punycode": {
			"version": "2.1.1",
			"resolved": "https://registry.npmjs.org/punycode/-/punycode-2.1.1.tgz",
			"integrity": "sha512-XRsRjdf+j5ml+y/6GKHPZbrF/8p2Yga0JPtdqTIY2Xe5ohJPD9saDJJLPvp9+NSBprVvevdXZybnj2cv8OEd0A=="
		},
		"quick-format-unescaped": {
			"version": "3.0.2",
			"resolved": "https://registry.npmjs.org/quick-format-unescaped/-/quick-format-unescaped-3.0.2.tgz",
			"integrity": "sha512-FXTaCkwvpIlkdKeGDNgcq07SXWS383noQUuZjvdE1QcTt+eLuqof6/BDiEPqB59FWLie/l91+HtlJSw7iCViSA=="
		},
		"readable-stream": {
			"version": "3.4.0",
			"resolved": "https://registry.npmjs.org/readable-stream/-/readable-stream-3.4.0.tgz",
			"integrity": "sha512-jItXPLmrSR8jmTRmRWJXCnGJsfy85mB3Wd/uINMXA65yrnFo0cPClFIUWzo2najVNSl+mx7/4W8ttlLWJe99pQ==",
			"requires": {
				"inherits": "^2.0.3",
				"string_decoder": "^1.1.1",
				"util-deprecate": "^1.0.1"
			}
		},
		"ret": {
			"version": "0.2.2",
			"resolved": "https://registry.npmjs.org/ret/-/ret-0.2.2.tgz",
			"integrity": "sha512-M0b3YWQs7R3Z917WRQy1HHA7Ba7D8hvZg6UE5mLykJxQVE2ju0IXbGlaHPPlkY+WN7wFP+wUMXmBFA0aV6vYGQ=="
		},
		"reusify": {
			"version": "1.0.4",
			"resolved": "https://registry.npmjs.org/reusify/-/reusify-1.0.4.tgz",
			"integrity": "sha512-U9nH88a3fc/ekCF1l0/UP1IosiuIjyTh7hBvXVMHYgVcfGvt897Xguj2UOLDeI5BG2m7/uwyaLVT6fbtCwTyzw=="
		},
		"rfdc": {
			"version": "1.1.4",
			"resolved": "https://registry.npmjs.org/rfdc/-/rfdc-1.1.4.tgz",
			"integrity": "sha512-5C9HXdzK8EAqN7JDif30jqsBzavB7wLpaubisuQIGHWf2gUXSpzy6ArX/+Da8RjFpagWsCn+pIgxTMAmKw9Zug=="
		},
		"safe-buffer": {
			"version": "5.2.0",
			"resolved": "https://registry.npmjs.org/safe-buffer/-/safe-buffer-5.2.0.tgz",
			"integrity": "sha512-fZEwUGbVl7kouZs1jCdMLdt95hdIv0ZeHg6L7qPeciMZhZ+/gdesW4wgTARkrFWEpspjEATAzUGPG8N2jJiwbg=="
		},
		"safe-regex2": {
			"version": "2.0.0",
			"resolved": "https://registry.npmjs.org/safe-regex2/-/safe-regex2-2.0.0.tgz",
			"integrity": "sha512-PaUSFsUaNNuKwkBijoAPHAK6/eM6VirvyPWlZ7BAQy4D+hCvh4B6lIG+nPdhbFfIbP+gTGBcrdsOaUs0F+ZBOQ==",
			"requires": {
				"ret": "~0.2.0"
			}
		},
		"secure-json-parse": {
			"version": "1.0.0",
			"resolved": "https://registry.npmjs.org/secure-json-parse/-/secure-json-parse-1.0.0.tgz",
			"integrity": "sha512-kMg4jXttRQzVyLebIDc+MRxCueJ/zsmHpCn59BRd0mZUCd+V02wNd7/Pds8Nyhv7jfLHo1KkUOzdIF7cRMU4LQ=="
		},
		"semver": {
			"version": "6.3.0",
			"resolved": "https://registry.npmjs.org/semver/-/semver-6.3.0.tgz",
			"integrity": "sha512-b39TBaTSfV6yBrapU89p5fKekE2m/NwnDocOVruQFS1/veMgdzuPcnOM34M6CwxW8jH/lxEa5rBoDeUwu5HHTw=="
		},
		"semver-store": {
			"version": "0.3.0",
			"resolved": "https://registry.npmjs.org/semver-store/-/semver-store-0.3.0.tgz",
			"integrity": "sha512-TcZvGMMy9vodEFSse30lWinkj+JgOBvPn8wRItpQRSayhc+4ssDs335uklkfvQQJgL/WvmHLVj4Ycv2s7QCQMg=="
		},
		"sonic-boom": {
			"version": "0.7.6",
			"resolved": "https://registry.npmjs.org/sonic-boom/-/sonic-boom-0.7.6.tgz",
			"integrity": "sha512-k9E2QQ4zxuVRLDW+ZW6ISzJs3wlEorVdmM7ApDgor7wsGKSDG5YGHsGmgLY4XYh4DMlr/2ap2BWAE7yTFJtWnQ==",
			"requires": {
				"flatstr": "^1.0.12"
			}
		},
		"string_decoder": {
			"version": "1.3.0",
			"resolved": "https://registry.npmjs.org/string_decoder/-/string_decoder-1.3.0.tgz",
			"integrity": "sha512-hkRX8U1WjJFd8LsDJ2yQ/wWWxaopEsABU1XfkM8A+j0+85JAGppt16cr1Whg6KIbb4okU6Mql6BOj+uup/wKeA==",
			"requires": {
				"safe-buffer": "~5.2.0"
			}
		},
		"tiny-lru": {
			"version": "6.1.0",
			"resolved": "https://registry.npmjs.org/tiny-lru/-/tiny-lru-6.1.0.tgz",
			"integrity": "sha512-lbz53M11ioFDKxPUBR2UVK7a8JolPZpSkzL0iXW60fpvU98P9+VqWQ7bGGJpGjqnIlILQzl9r+fikhqbcOs7bg=="
		},
		"uri-js": {
			"version": "4.2.2",
			"resolved": "https://registry.npmjs.org/uri-js/-/uri-js-4.2.2.tgz",
			"integrity": "sha512-KY9Frmirql91X2Qgjry0Wd4Y+YTdrdZheS8TFwvkbLWf/G5KNJDCh6pKL5OZctEW4+0Baa5idK2ZQuELRwPznQ==",
			"requires": {
				"punycode": "^2.1.0"
			}
		},
		"util-deprecate": {
			"version": "1.0.2",
			"resolved": "https://registry.npmjs.org/util-deprecate/-/util-deprecate-1.0.2.tgz",
			"integrity": "sha1-RQ1Nyfpw3nMnYvvS1KKJgUGaDM8="
		}
	}
}
